
Microsoft Visual Studio Solution File, Format Version 12.00
# Visual Studio Version 17
VisualStudioVersion = 17.14.37111.16 d17.14
MinimumVisualStudioVersion = 10.0.40219.1
Project("{FAE04EC0-301F-11D3-BF4B-00C04F79EFBC}") = "FactoryMethodEx", "FactoryMethodEx.csproj", "{230C23A8-19E1-4DBE-BE1C-205C2917E954}"
EndProject
Global
	GlobalSection(SolutionConfigurationPlatforms) = preSolution
		Debug|Any CPU = Debug|Any CPU
		Release|Any CPU = Release|Any CPU
	EndGlobalSection
	GlobalSection(ProjectConfigurationPlatforms) = postSolution
		{230C23A8-19E1-4DBE-BE1C-205C2917E954}.Debug|Any CPU.ActiveCfg = Debug|Any CPU
		{230C23A8-19E1-4DBE-BE1C-205C2917E954}.Debug|Any CPU.Build.0 = Debug|Any CPU
		{230C23A8-19E1-4DBE-BE1C-205C2917E954}.Release|Any CPU.ActiveCfg = Release|Any CPU
		{230C23A8-19E1-4DBE-BE1C-205C2917E954}.Release|Any CPU.Build.0 = Release|Any CPU
	EndGlobalSection
	GlobalSection(SolutionProperties) = preSolution
		HideSolutionNode = FALSE
	EndGlobalSection
	GlobalSection(ExtensibilityGlobals) = postSolution
		SolutionGuid = {0A1C68B4-83E1-4F29-92E8-3AA15956E0CF}
	EndGlobalSection
EndGlobal
