
Microsoft Visual Studio Solution File, Format Version 12.00
# Visual Studio Version 17
VisualStudioVersion = 17.14.37111.16 d17.14
MinimumVisualStudioVersion = 10.0.40219.1
Project("{FAE04EC0-301F-11D3-BF4B-00C04F79EFBC}") = "AbsctractFactoryEx", "AbsctractFactoryEx.csproj", "{F18D20BE-2B6F-453C-B689-1820124C26FE}"
EndProject
Global
	GlobalSection(SolutionConfigurationPlatforms) = preSolution
		Debug|Any CPU = Debug|Any CPU
		Release|Any CPU = Release|Any CPU
	EndGlobalSection
	GlobalSection(ProjectConfigurationPlatforms) = postSolution
		{F18D20BE-2B6F-453C-B689-1820124C26FE}.Debug|Any CPU.ActiveCfg = Debug|Any CPU
		{F18D20BE-2B6F-453C-B689-1820124C26FE}.Debug|Any CPU.Build.0 = Debug|Any CPU
		{F18D20BE-2B6F-453C-B689-1820124C26FE}.Release|Any CPU.ActiveCfg = Release|Any CPU
		{F18D20BE-2B6F-453C-B689-1820124C26FE}.Release|Any CPU.Build.0 = Release|Any CPU
	EndGlobalSection
	GlobalSection(SolutionProperties) = preSolution
		HideSolutionNode = FALSE
	EndGlobalSection
	GlobalSection(ExtensibilityGlobals) = postSolution
		SolutionGuid = {B56FDC37-B99B-4ABC-AF22-081BC7DC13FC}
	EndGlobalSection
EndGlobal
